
Microsoft Visual Studio Solution File, Format Version 12.00
# Visual Studio Version 16
VisualStudioVersion = 16.0.31410.357
MinimumVisualStudioVersion = 10.0.40219.1
Project("{FAE04EC0-301F-11D3-BF4B-00C04F79EFBC}") = "ExcelForSmila", "ExcelForSmila\ExcelForSmila.csproj", "{221887DE-59C5-4E7B-95AB-A5426A2E4267}"
EndProject
Global
	GlobalSection(SolutionConfigurationPlatforms) = preSolution
		Debug|Any CPU = Debug|Any CPU
		Release|Any CPU = Release|Any CPU
	EndGlobalSection
	GlobalSection(ProjectConfigurationPlatforms) = postSolution
		{221887DE-59C5-4E7B-95AB-A5426A2E4267}.Debug|Any CPU.ActiveCfg = Debug|Any CPU
		{221887DE-59C5-4E7B-95AB-A5426A2E4267}.Debug|Any CPU.Build.0 = Debug|Any CPU
		{221887DE-59C5-4E7B-95AB-A5426A2E4267}.Release|Any CPU.ActiveCfg = Release|Any CPU
		{221887DE-59C5-4E7B-95AB-A5426A2E4267}.Release|Any CPU.Build.0 = Release|Any CPU
	EndGlobalSection
	GlobalSection(SolutionProperties) = preSolution
		HideSolutionNode = FALSE
	EndGlobalSection
	GlobalSection(ExtensibilityGlobals) = postSolution
		SolutionGuid = {BD7A3497-DD81-4EBE-ABF4-BE7C172A96E6}
	EndGlobalSection
EndGlobal
